// !$*UTF8*$!
{
	archiveVersion = 1;
	classes = {
	};
	objectVersion = 46;
	objects = {

/* Begin PBXBuildFile section */
		AB8818F71C226A9300C3A9E8 /* main.m in Sources */ = {isa = PBXBuildFile; fileRef = AB8818F61C226A9300C3A9E8 /* main.m */; };
		AB8819021C226A9300C3A9E8 /* Assets.xcassets in Resources */ = {isa = PBXBuildFile; fileRef = AB8819011C226A9300C3A9E8 /* Assets.xcassets */; };
		AB8819051C226A9300C3A9E8 /* LaunchScreen.storyboard in Resources */ = {isa = PBXBuildFile; fileRef = AB8819031C226A9300C3A9E8 /* LaunchScreen.storyboard */; };
		AB88191B1C226A9300C3A9E8 /* WordCounterUITests.m in Sources */ = {isa = PBXBuildFile; fileRef = AB88191A1C226A9300C3A9E8 /* WordCounterUITests.m */; };
		AB8819311C226AD600C3A9E8 /* AppDelegate.m in Sources */ = {isa = PBXBuildFile; fileRef = AB88192A1C226AD600C3A9E8 /* AppDelegate.m */; };
		AB8819321C226AD600C3A9E8 /* BootLogic.m in Sources */ = {isa = PBXBuildFile; fileRef = AB88192C1C226AD600C3A9E8 /* BootLogic.m */; };
		AB8819331C226AD600C3A9E8 /* ConsoleScreen.m in Sources */ = {isa = PBXBuildFile; fileRef = AB88192E1C226AD600C3A9E8 /* ConsoleScreen.m */; };
		AB8819341C226AD600C3A9E8 /* MainScreen.m in Sources */ = {isa = PBXBuildFile; fileRef = AB8819301C226AD600C3A9E8 /* MainScreen.m */; };
		AB8819371C226B3900C3A9E8 /* wordCounter.m in Sources */ = {isa = PBXBuildFile; fileRef = AB8819361C226B3900C3A9E8 /* wordCounter.m */; };
		AB88193A1C226BCD00C3A9E8 /* MutableArrayCategory.m in Sources */ = {isa = PBXBuildFile; fileRef = AB8819391C226BCD00C3A9E8 /* MutableArrayCategory.m */; };
		AB88193D1C226C2200C3A9E8 /* NSMutableArray+Extend.m in Sources */ = {isa = PBXBuildFile; fileRef = AB88193C1C226C2200C3A9E8 /* NSMutableArray+Extend.m */; };
/* End PBXBuildFile section */

/* Begin PBXContainerItemProxy section */
		AB8819171C226A9300C3A9E8 /* PBXContainerItemProxy */ = {
			isa = PBXContainerItemProxy;
			containerPortal = AB8818EA1C226A9300C3A9E8 /* Project object */;
			proxyType = 1;
			remoteGlobalIDString = AB8818F11C226A9300C3A9E8;
			remoteInfo = WordCounter;
		};
/* End PBXContainerItemProxy section */

/* Begin PBXFileReference section */
		AB8818F21C226A9300C3A9E8 /* WordCounter.app */ = {isa = PBXFileReference; explicitFileType = wrapper.application; includeInIndex = 0; path = WordCounter.app; sourceTree = BUILT_PRODUCTS_DIR; };
		AB8818F61C226A9300C3A9E8 /* main.m */ = {isa = PBXFileReference; lastKnownFileType = sourcecode.c.objc; path = main.m; sourceTree = "<group>"; };
		AB8819011C226A9300C3A9E8 /* Assets.xcassets */ = {isa = PBXFileReference; lastKnownFileType = folder.assetcatalog; path = Assets.xcassets; sourceTree = "<group>"; };
		AB8819041C226A9300C3A9E8 /* Base */ = {isa = PBXFileReference; lastKnownFileType = file.storyboard; name = Base; path = Base.lproj/LaunchScreen.storyboard; sourceTree = "<group>"; };
		AB8819061C226A9300C3A9E8 /* Info.plist */ = {isa = PBXFileReference; lastKnownFileType = text.plist.xml; path = Info.plist; sourceTree = "<group>"; };
		AB8819161C226A9300C3A9E8 /* WordCounterUITests.xctest */ = {isa = PBXFileReference; explicitFileType = wrapper.cfbundle; includeInIndex = 0; path = WordCounterUITests.xctest; sourceTree = BUILT_PRODUCTS_DIR; };
		AB88191A1C226A9300C3A9E8 /* WordCounterUITests.m */ = {isa = PBXFileReference; lastKnownFileType = sourcecode.c.objc; path = WordCounterUITests.m; sourceTree = "<group>"; };
		AB88191C1C226A9300C3A9E8 /* Info.plist */ = {isa = PBXFileReference; lastKnownFileType = text.plist.xml; path = Info.plist; sourceTree = "<group>"; };
		AB8819291C226AD600C3A9E8 /* AppDelegate.h */ = {isa = PBXFileReference; fileEncoding = 4; lastKnownFileType = sourcecode.c.h; path = AppDelegate.h; sourceTree = "<group>"; };
		AB88192A1C226AD600C3A9E8 /* AppDelegate.m */ = {isa = PBXFileReference; fileEncoding = 4; lastKnownFileType = sourcecode.c.objc; path = AppDelegate.m; sourceTree = "<group>"; };
		AB88192B1C226AD600C3A9E8 /* BootLogic.h */ = {isa = PBXFileReference; fileEncoding = 4; lastKnownFileType = sourcecode.c.h; path = BootLogic.h; sourceTree = "<group>"; };
		AB88192C1C226AD600C3A9E8 /* BootLogic.m */ = {isa = PBXFileReference; fileEncoding = 4; lastKnownFileType = sourcecode.c.objc; path = BootLogic.m; sourceTree = "<group>"; };
		AB88192D1C226AD600C3A9E8 /* ConsoleScreen.h */ = {isa = PBXFileReference; fileEncoding = 4; lastKnownFileType = sourcecode.c.h; path = ConsoleScreen.h; sourceTree = "<group>"; };
		AB88192E1C226AD600C3A9E8 /* ConsoleScreen.m */ = {isa = PBXFileReference; fileEncoding = 4; lastKnownFileType = sourcecode.c.objc; path = ConsoleScreen.m; sourceTree = "<group>"; };
		AB88192F1C226AD600C3A9E8 /* MainScreen.h */ = {isa = PBXFileReference; fileEncoding = 4; lastKnownFileType = sourcecode.c.h; path = MainScreen.h; sourceTree = "<group>"; };
		AB8819301C226AD600C3A9E8 /* MainScreen.m */ = {isa = PBXFileReference; fileEncoding = 4; lastKnownFileType = sourcecode.c.objc; path = MainScreen.m; sourceTree = "<group>"; };
		AB8819351C226B3900C3A9E8 /* wordCounter.h */ = {isa = PBXFileReference; fileEncoding = 4; lastKnownFileType = sourcecode.c.h; path = wordCounter.h; sourceTree = "<group>"; };
		AB8819361C226B3900C3A9E8 /* wordCounter.m */ = {isa = PBXFileReference; fileEncoding = 4; lastKnownFileType = sourcecode.c.objc; path = wordCounter.m; sourceTree = "<group>"; };
		AB8819381C226BCD00C3A9E8 /* MutableArrayCategory.h */ = {isa = PBXFileReference; fileEncoding = 4; lastKnownFileType = sourcecode.c.h; path = MutableArrayCategory.h; sourceTree = "<group>"; };
		AB8819391C226BCD00C3A9E8 /* MutableArrayCategory.m */ = {isa = PBXFileReference; fileEncoding = 4; lastKnownFileType = sourcecode.c.objc; path = MutableArrayCategory.m; sourceTree = "<group>"; };
		AB88193B1C226C2200C3A9E8 /* NSMutableArray+Extend.h */ = {isa = PBXFileReference; fileEncoding = 4; lastKnownFileType = sourcecode.c.h; path = "NSMutableArray+Extend.h"; sourceTree = "<group>"; };
		AB88193C1C226C2200C3A9E8 /* NSMutableArray+Extend.m */ = {isa = PBXFileReference; fileEncoding = 4; lastKnownFileType = sourcecode.c.objc; path = "NSMutableArray+Extend.m"; sourceTree = "<group>"; };
/* End PBXFileReference section */

/* Begin PBXFrameworksBuildPhase section */
		AB8818EF1C226A9300C3A9E8 /* Frameworks */ = {
			isa = PBXFrameworksBuildPhase;
			buildActionMask = 2147483647;
			files = (
			);
			runOnlyForDeploymentPostprocessing = 0;
		};
		AB8819131C226A9300C3A9E8 /* Frameworks */ = {
			isa = PBXFrameworksBuildPhase;
			buildActionMask = 2147483647;
			files = (
			);
			runOnlyForDeploymentPostprocessing = 0;
		};
/* End PBXFrameworksBuildPhase section */

/* Begin PBXGroup section */
		AB8818E91C226A9300C3A9E8 = {
			isa = PBXGroup;
			children = (
				AB8819281C226AB900C3A9E8 /* Core */,
				AB8818F41C226A9300C3A9E8 /* WordCounter */,
				AB8819191C226A9300C3A9E8 /* WordCounterUITests */,
				AB8818F31C226A9300C3A9E8 /* Products */,
			);
			sourceTree = "<group>";
		};
		AB8818F31C226A9300C3A9E8 /* Products */ = {
			isa = PBXGroup;
			children = (
				AB8818F21C226A9300C3A9E8 /* WordCounter.app */,
				AB8819161C226A9300C3A9E8 /* WordCounterUITests.xctest */,
			);
			name = Products;
			sourceTree = "<group>";
		};
		AB8818F41C226A9300C3A9E8 /* WordCounter */ = {
			isa = PBXGroup;
			children = (
				AB8819381C226BCD00C3A9E8 /* MutableArrayCategory.h */,
				AB8819391C226BCD00C3A9E8 /* MutableArrayCategory.m */,
				AB8819351C226B3900C3A9E8 /* wordCounter.h */,
				AB8819361C226B3900C3A9E8 /* wordCounter.m */,
				AB8819011C226A9300C3A9E8 /* Assets.xcassets */,
				AB8819031C226A9300C3A9E8 /* LaunchScreen.storyboard */,
				AB8819061C226A9300C3A9E8 /* Info.plist */,
				AB8818F51C226A9300C3A9E8 /* Supporting Files */,
				AB88193B1C226C2200C3A9E8 /* NSMutableArray+Extend.h */,
				AB88193C1C226C2200C3A9E8 /* NSMutableArray+Extend.m */,
			);
			path = WordCounter;
			sourceTree = "<group>";
		};
		AB8818F51C226A9300C3A9E8 /* Supporting Files */ = {
			isa = PBXGroup;
			children = (
				AB8818F61C226A9300C3A9E8 /* main.m */,
			);
			name = "Supporting Files";
			sourceTree = "<group>";
		};
		AB8819191C226A9300C3A9E8 /* WordCounterUITests */ = {
			isa = PBXGroup;
			children = (
				AB88191A1C226A9300C3A9E8 /* WordCounterUITests.m */,
				AB88191C1C226A9300C3A9E8 /* Info.plist */,
			);
			path = WordCounterUITests;
			sourceTree = "<group>";
		};
		AB8819281C226AB900C3A9E8 /* Core */ = {
			isa = PBXGroup;
			children = (
				AB8819291C226AD600C3A9E8 /* AppDelegate.h */,
				AB88192A1C226AD600C3A9E8 /* AppDelegate.m */,
				AB88192B1C226AD600C3A9E8 /* BootLogic.h */,
				AB88192C1C226AD600C3A9E8 /* BootLogic.m */,
				AB88192D1C226AD600C3A9E8 /* ConsoleScreen.h */,
				AB88192E1C226AD600C3A9E8 /* ConsoleScreen.m */,
				AB88192F1C226AD600C3A9E8 /* MainScreen.h */,
				AB8819301C226AD600C3A9E8 /* MainScreen.m */,
			);
			name = Core;
			sourceTree = "<group>";
		};
/* End PBXGroup section */

/* Begin PBXNativeTarget section */
		AB8818F11C226A9300C3A9E8 /* WordCounter */ = {
			isa = PBXNativeTarget;
			buildConfigurationList = AB88191F1C226A9300C3A9E8 /* Build configuration list for PBXNativeTarget "WordCounter" */;
			buildPhases = (
				AB8818EE1C226A9300C3A9E8 /* Sources */,
				AB8818EF1C226A9300C3A9E8 /* Frameworks */,
				AB8818F01C226A9300C3A9E8 /* Resources */,
			);
			buildRules = (
			);
			dependencies = (
			);
			name = WordCounter;
			productName = WordCounter;
			productReference = AB8818F21C226A9300C3A9E8 /* WordCounter.app */;
			productType = "com.apple.product-type.application";
		};
		AB8819151C226A9300C3A9E8 /* WordCounterUITests */ = {
			isa = PBXNativeTarget;
			buildConfigurationList = AB8819251C226A9300C3A9E8 /* Build configuration list for PBXNativeTarget "WordCounterUITests" */;
			buildPhases = (
				AB8819121C226A9300C3A9E8 /* Sources */,
				AB8819131C226A9300C3A9E8 /* Frameworks */,
				AB8819141C226A9300C3A9E8 /* Resources */,
			);
			buildRules = (
			);
			dependencies = (
				AB8819181C226A9300C3A9E8 /* PBXTargetDependency */,
			);
			name = WordCounterUITests;
			productName = WordCounterUITests;
			productReference = AB8819161C226A9300C3A9E8 /* WordCounterUITests.xctest */;
			productType = "com.apple.product-type.bundle.ui-testing";
		};
/* End PBXNativeTarget section */

/* Begin PBXProject section */
		AB8818EA1C226A9300C3A9E8 /* Project object */ = {
			isa = PBXProject;
			attributes = {
				LastUpgradeCheck = 0720;
				ORGANIZATIONNAME = HOANGTHAI;
				TargetAttributes = {
					AB8818F11C226A9300C3A9E8 = {
						CreatedOnToolsVersion = 7.2;
					};
					AB8819151C226A9300C3A9E8 = {
						CreatedOnToolsVersion = 7.2;
						TestTargetID = AB8818F11C226A9300C3A9E8;
					};
				};
			};
			buildConfigurationList = AB8818ED1C226A9300C3A9E8 /* Build configuration list for PBXProject "WordCounter" */;
			compatibilityVersion = "Xcode 3.2";
			developmentRegion = English;
			hasScannedForEncodings = 0;
			knownRegions = (
				en,
				Base,
			);
			mainGroup = AB8818E91C226A9300C3A9E8;
			productRefGroup = AB8818F31C226A9300C3A9E8 /* Products */;
			projectDirPath = "";
			projectRoot = "";
			targets = (
				AB8818F11C226A9300C3A9E8 /* WordCounter */,
				AB8819151C226A9300C3A9E8 /* WordCounterUITests */,
			);
		};
/* End PBXProject section */

/* Begin PBXResourcesBuildPhase section */
		AB8818F01C226A9300C3A9E8 /* Resources */ = {
			isa = PBXResourcesBuildPhase;
			buildActionMask = 2147483647;
			files = (
				AB8819051C226A9300C3A9E8 /* LaunchScreen.storyboard in Resources */,
				AB8819021C226A9300C3A9E8 /* Assets.xcassets in Resources */,
			);
			runOnlyForDeploymentPostprocessing = 0;
		};
		AB8819141C226A9300C3A9E8 /* Resources */ = {
			isa = PBXResourcesBuildPhase;
			buildActionMask = 2147483647;
			files = (
			);
			runOnlyForDeploymentPostprocessing = 0;
		};
/* End PBXResourcesBuildPhase section */

/* Begin PBXSourcesBuildPhase section */
		AB8818EE1C226A9300C3A9E8 /* Sources */ = {
			isa = PBXSourcesBuildPhase;
			buildActionMask = 2147483647;
			files = (
				AB8819371C226B3900C3A9E8 /* wordCounter.m in Sources */,
				AB8819321C226AD600C3A9E8 /* BootLogic.m in Sources */,
				AB8819341C226AD600C3A9E8 /* MainScreen.m in Sources */,
				AB88193A1C226BCD00C3A9E8 /* MutableArrayCategory.m in Sources */,
				AB8819331C226AD600C3A9E8 /* ConsoleScreen.m in Sources */,
				AB8819311C226AD600C3A9E8 /* AppDelegate.m in Sources */,
				AB8818F71C226A9300C3A9E8 /* main.m in Sources */,
				AB88193D1C226C2200C3A9E8 /* NSMutableArray+Extend.m in Sources */,
			);
			runOnlyForDeploymentPostprocessing = 0;
		};
		AB8819121C226A9300C3A9E8 /* Sources */ = {
			isa = PBXSourcesBuildPhase;
			buildActionMask = 2147483647;
			files = (
				AB88191B1C226A9300C3A9E8 /* WordCounterUITests.m in Sources */,
			);
			runOnlyForDeploymentPostprocessing = 0;
		};
/* End PBXSourcesBuildPhase section */

/* Begin PBXTargetDependency section */
		AB8819181C226A9300C3A9E8 /* PBXTargetDependency */ = {
			isa = PBXTargetDependency;
			target = AB8818F11C226A9300C3A9E8 /* WordCounter */;
			targetProxy = AB8819171C226A9300C3A9E8 /* PBXContainerItemProxy */;
		};
/* End PBXTargetDependency section */

/* Begin PBXVariantGroup section */
		AB8819031C226A9300C3A9E8 /* LaunchScreen.storyboard */ = {
			isa = PBXVariantGroup;
			children = (
				AB8819041C226A9300C3A9E8 /* Base */,
			);
			name = LaunchScreen.storyboard;
			sourceTree = "<group>";
		};
/* End PBXVariantGroup section */

/* Begin XCBuildConfiguration section */
		AB88191D1C226A9300C3A9E8 /* Debug */ = {
			isa = XCBuildConfiguration;
			buildSettings = {
				ALWAYS_SEARCH_USER_PATHS = NO;
				CLANG_CXX_LANGUAGE_STANDARD = "gnu++0x";
				CLANG_CXX_LIBRARY = "libc++";
				CLANG_ENABLE_MODULES = YES;
				CLANG_ENABLE_OBJC_ARC = YES;
				CLANG_WARN_BOOL_CONVERSION = YES;
				CLANG_WARN_CONSTANT_CONVERSION = YES;
				CLANG_WARN_DIRECT_OBJC_ISA_USAGE = YES_ERROR;
				CLANG_WARN_EMPTY_BODY = YES;
				CLANG_WARN_ENUM_CONVERSION = YES;
				CLANG_WARN_INT_CONVERSION = YES;
				CLANG_WARN_OBJC_ROOT_CLASS = YES_ERROR;
				CLANG_WARN_UNREACHABLE_CODE = YES;
				CLANG_WARN__DUPLICATE_METHOD_MATCH = YES;
				"CODE_SIGN_IDENTITY[sdk=iphoneos*]" = "iPhone Developer";
				COPY_PHASE_STRIP = NO;
				DEBUG_INFORMATION_FORMAT = dwarf;
				ENABLE_STRICT_OBJC_MSGSEND = YES;
				ENABLE_TESTABILITY = YES;
				GCC_C_LANGUAGE_STANDARD = gnu99;
				GCC_DYNAMIC_NO_PIC = NO;
				GCC_NO_COMMON_BLOCKS = YES;
				GCC_OPTIMIZATION_LEVEL = 0;
				GCC_PREPROCESSOR_DEFINITIONS = (
					"DEBUG=1",
					"$(inherited)",
				);
				GCC_WARN_64_TO_32_BIT_CONVERSION = YES;
				GCC_WARN_ABOUT_RETURN_TYPE = YES_ERROR;
				GCC_WARN_UNDECLARED_SELECTOR = YES;
				GCC_WARN_UNINITIALIZED_AUTOS = YES_AGGRESSIVE;
				GCC_WARN_UNUSED_FUNCTION = YES;
				GCC_WARN_UNUSED_VARIABLE = YES;
				IPHONEOS_DEPLOYMENT_TARGET = 9.2;
				MTL_ENABLE_DEBUG_INFO = YES;
				ONLY_ACTIVE_ARCH = YES;
				SDKROOT = iphoneos;
			};
			name = Debug;
		};
		AB88191E1C226A9300C3A9E8 /* Release */ = {
			isa = XCBuildConfiguration;
			buildSettings = {
				ALWAYS_SEARCH_USER_PATHS = NO;
				CLANG_CXX_LANGUAGE_STANDARD = "gnu++0x";
				CLANG_CXX_LIBRARY = "libc++";
				CLANG_ENABLE_MODULES = YES;
				CLANG_ENABLE_OBJC_ARC = YES;
				CLANG_WARN_BOOL_CONVERSION = YES;
				CLANG_WARN_CONSTANT_CONVERSION = YES;
				CLANG_WARN_DIRECT_OBJC_ISA_USAGE = YES_ERROR;
				CLANG_WARN_EMPTY_BODY = YES;
				CLANG_WARN_ENUM_CONVERSION = YES;
				CLANG_WARN_INT_CONVERSION = YES;
				CLANG_WARN_OBJC_ROOT_CLASS = YES_ERROR;
				CLANG_WARN_UNREACHABLE_CODE = YES;
				CLANG_WARN__DUPLICATE_METHOD_MATCH = YES;
				"CODE_SIGN_IDENTITY[sdk=iphoneos*]" = "iPhone Developer";
				COPY_PHASE_STRIP = NO;
				DEBUG_INFORMATION_FORMAT = "dwarf-with-dsym";
				ENABLE_NS_ASSERTIONS = NO;
				ENABLE_STRICT_OBJC_MSGSEND = YES;
				GCC_C_LANGUAGE_STANDARD = gnu99;
				GCC_NO_COMMON_BLOCKS = YES;
				GCC_WARN_64_TO_32_BIT_CONVERSION = YES;
				GCC_WARN_ABOUT_RETURN_TYPE = YES_ERROR;
				GCC_WARN_UNDECLARED_SELECTOR = YES;
				GCC_WARN_UNINITIALIZED_AUTOS = YES_AGGRESSIVE;
				GCC_WARN_UNUSED_FUNCTION = YES;
				GCC_WARN_UNUSED_VARIABLE = YES;
				IPHONEOS_DEPLOYMENT_TARGET = 9.2;
				MTL_ENABLE_DEBUG_INFO = NO;
				SDKROOT = iphoneos;
				VALIDATE_PRODUCT = YES;
			};
			name = Release;
		};
		AB8819201C226A9300C3A9E8 /* Debug */ = {
			isa = XCBuildConfiguration;
			buildSettings = {
				ASSETCATALOG_COMPILER_APPICON_NAME = AppIcon;
				INFOPLIST_FILE = WordCounter/Info.plist;
				LD_RUNPATH_SEARCH_PATHS = "$(inherited) @executable_path/Frameworks";
				PRODUCT_BUNDLE_IDENTIFIER = HOANGTHAI.WordCounter;
				PRODUCT_NAME = "$(TARGET_NAME)";
			};
			name = Debug;
		};
		AB8819211C226A9300C3A9E8 /* Release */ = {
			isa = XCBuildConfiguration;
			buildSettings = {
				ASSETCATALOG_COMPILER_APPICON_NAME = AppIcon;
				INFOPLIST_FILE = WordCounter/Info.plist;
				LD_RUNPATH_SEARCH_PATHS = "$(inherited) @executable_path/Frameworks";
				PRODUCT_BUNDLE_IDENTIFIER = HOANGTHAI.WordCounter;
				PRODUCT_NAME = "$(TARGET_NAME)";
			};
			name = Release;
		};
		AB8819261C226A9300C3A9E8 /* Debug */ = {
			isa = XCBuildConfiguration;
			buildSettings = {
				INFOPLIST_FILE = WordCounterUITests/Info.plist;
				LD_RUNPATH_SEARCH_PATHS = "$(inherited) @executable_path/Frameworks @loader_path/Frameworks";
				PRODUCT_BUNDLE_IDENTIFIER = HOANGTHAI.WordCounterUITests;
				PRODUCT_NAME = "$(TARGET_NAME)";
				TEST_TARGET_NAME = WordCounter;
				USES_XCTRUNNER = YES;
			};
			name = Debug;
		};
		AB8819271C226A9300C3A9E8 /* Release */ = {
			isa = XCBuildConfiguration;
			buildSettings = {
				INFOPLIST_FILE = WordCounterUITests/Info.plist;
				LD_RUNPATH_SEARCH_PATHS = "$(inherited) @executable_path/Frameworks @loader_path/Frameworks";
				PRODUCT_BUNDLE_IDENTIFIER = HOANGTHAI.WordCounterUITests;
				PRODUCT_NAME = "$(TARGET_NAME)";
				TEST_TARGET_NAME = WordCounter;
				USES_XCTRUNNER = YES;
			};
			name = Release;
		};
/* End XCBuildConfiguration section */

/* Begin XCConfigurationList section */
		AB8818ED1C226A9300C3A9E8 /* Build configuration list for PBXProject "WordCounter" */ = {
			isa = XCConfigurationList;
			buildConfigurations = (
				AB88191D1C226A9300C3A9E8 /* Debug */,
				AB88191E1C226A9300C3A9E8 /* Release */,
			);
			defaultConfigurationIsVisible = 0;
			defaultConfigurationName = Release;
		};
		AB88191F1C226A9300C3A9E8 /* Build configuration list for PBXNativeTarget "WordCounter" */ = {
			isa = XCConfigurationList;
			buildConfigurations = (
				AB8819201C226A9300C3A9E8 /* Debug */,
				AB8819211C226A9300C3A9E8 /* Release */,
			);
			defaultConfigurationIsVisible = 0;
		};
		AB8819251C226A9300C3A9E8 /* Build configuration list for PBXNativeTarget "WordCounterUITests" */ = {
			isa = XCConfigurationList;
			buildConfigurations = (
				AB8819261C226A9300C3A9E8 /* Debug */,
				AB8819271C226A9300C3A9E8 /* Release */,
			);
			defaultConfigurationIsVisible = 0;
		};
/* End XCConfigurationList section */
	};
	rootObject = AB8818EA1C226A9300C3A9E8 /* Project object */;
}
